Microsoft Visual Studio Solution File, Format Version 12.00
# Visual Studio Version 17
VisualStudioVersion = 17.5.2.0
MinimumVisualStudioVersion = 10.0.40219.1
Project("{FAE04EC0-301F-11D3-BF4B-00C04F79EFBC}") = "dotnet-1", "dotnet-1.csproj", "{EC5B145E-E153-AD2B-EC84-222FE95614F1}"
EndProject
Global
	GlobalSection(SolutionConfigurationPlatforms) = preSolution
		Debug|Any CPU = Debug|Any CPU
		Release|Any CPU = Release|Any CPU
	EndGlobalSection
	GlobalSection(ProjectConfigurationPlatforms) = postSolution
		{EC5B145E-E153-AD2B-EC84-222FE95614F1}.Debug|Any CPU.ActiveCfg = Debug|Any CPU
		{EC5B145E-E153-AD2B-EC84-222FE95614F1}.Debug|Any CPU.Build.0 = Debug|Any CPU
		{EC5B145E-E153-AD2B-EC84-222FE95614F1}.Release|Any CPU.ActiveCfg = Release|Any CPU
		{EC5B145E-E153-AD2B-EC84-222FE95614F1}.Release|Any CPU.Build.0 = Release|Any CPU
	EndGlobalSection
	GlobalSection(SolutionProperties) = preSolution
		HideSolutionNode = FALSE
	EndGlobalSection
	GlobalSection(ExtensibilityGlobals) = postSolution
		SolutionGuid = {C7CB0EEC-8A3D-4367-B208-AD2F0CB4EFBF}
	EndGlobalSection
EndGlobal
